
Microsoft Visual Studio Solution File, Format Version 12.00
# Visual Studio Version 17
VisualStudioVersion = 17.0.31903.59
MinimumVisualStudioVersion = 10.0.40219.1
Project("{2150E333-8FDC-42A3-9474-1A3956D46DE8}") = "src", "src", "{CFADE13C-C9D7-4567-BBAA-5696A78F4C32}"
EndProject
Project("{FAE04EC0-301F-11D3-BF4B-00C04F79EFBC}") = "SparkPlug.Contracts", "src\SparkPlug.Contracts\SparkPlug.Contracts.csproj", "{FE5A7D9C-4AB2-4FC1-8636-AB608EFEB4A3}"
EndProject
Project("{FAE04EC0-301F-11D3-BF4B-00C04F79EFBC}") = "SparkPlug.Api", "src\SparkPlug.Api\SparkPlug.Api.csproj", "{F9CCA94A-5CFE-4F5A-9315-FF4B74C1FBEC}"
EndProject
Project("{FAE04EC0-301F-11D3-BF4B-00C04F79EFBC}") = "SparkPlug.Persistence.Abstractions", "src\SparkPlug.Persistence.Abstractions\SparkPlug.Persistence.Abstractions.csproj", "{24D45019-BFAE-4262-8989-50BCCA6BADD0}"
EndProject
Project("{FAE04EC0-301F-11D3-BF4B-00C04F79EFBC}") = "SparkPlug.Persistence.EntityFramework", "src\SparkPlug.Persistence.EntityFramework\SparkPlug.Persistence.EntityFramework.csproj", "{F2CA5B64-1F90-4A45-ADE6-59D6942655DF}"
EndProject
Project("{FAE04EC0-301F-11D3-BF4B-00C04F79EFBC}") = "SparkPlug.Persistence.MongoDb", "src\SparkPlug.Persistence.MongoDb\SparkPlug.Persistence.MongoDb.csproj", "{1F617F16-921C-4B1D-9E26-0ABCA9E281CD}"
EndProject
Project("{2150E333-8FDC-42A3-9474-1A3956D46DE8}") = "tests", "tests", "{6BE0AD2B-4D15-47BB-B8A0-4C556B44314D}"
EndProject
Project("{FAE04EC0-301F-11D3-BF4B-00C04F79EFBC}") = "SparkPlug.Contracts.Test", "tests\SparkPlug.Contracts.Test\SparkPlug.Contracts.Test.csproj", "{0EA1FECE-28D0-4785-9D57-D3B3FE004423}"
EndProject
Project("{FAE04EC0-301F-11D3-BF4B-00C04F79EFBC}") = "SparkPlug.Api.Test", "tests\SparkPlug.Api.Test\SparkPlug.Api.Test.csproj", "{8E4602D6-DF2D-497B-9ED0-0468808CAF1A}"
EndProject
Project("{2150E333-8FDC-42A3-9474-1A3956D46DE8}") = "modules", "modules", "{81138EC1-E7DC-462D-9F09-47E5B050AA9B}"
EndProject
Project("{2150E333-8FDC-42A3-9474-1A3956D46DE8}") = "Menu", "Menu", "{F1077347-969C-42DF-A3F2-01210B68D1C9}"
EndProject
Project("{FAE04EC0-301F-11D3-BF4B-00C04F79EFBC}") = "SparkPlug.Menu.Api", "modules\Menu\SparkPlug.Menu.Api\SparkPlug.Menu.Api.csproj", "{7B54016B-A57F-48D2-BF86-E7A2F963A4B4}"
EndProject
Project("{FAE04EC0-301F-11D3-BF4B-00C04F79EFBC}") = "SparkPlug.Menu.Domain", "modules\Menu\SparkPlug.Menu.Domain\SparkPlug.Menu.Domain.csproj", "{F8B9373A-BD73-4B44-8A5B-6D54082AEB7E}"
EndProject
Project("{FAE04EC0-301F-11D3-BF4B-00C04F79EFBC}") = "SparkPlug.Menu.Service", "modules\Menu\SparkPlug.Menu.Service\SparkPlug.Menu.Service.csproj", "{97D779E2-C4FF-4699-A1B4-0A9EECF1BB8A}"
EndProject
Project("{FAE04EC0-301F-11D3-BF4B-00C04F79EFBC}") = "SparkPlug.Menu.Repository.Sql", "modules\Menu\SparkPlug.Menu.Repository.Sql\SparkPlug.Menu.Repository.Sql.csproj", "{2B18E44B-A10D-4143-B349-F20E5279D337}"
EndProject
Project("{2150E333-8FDC-42A3-9474-1A3956D46DE8}") = "Tenancy", "Tenancy", "{0CFF238F-4220-4B78-9A1B-A1CFAEA10E63}"
EndProject
Project("{FAE04EC0-301F-11D3-BF4B-00C04F79EFBC}") = "SparkPlug.Tenancy.Api", "modules\Tenancy\SparkPlug.Tenancy.Api\SparkPlug.Tenancy.Api.csproj", "{6712C3D9-ACF2-457E-8962-751D0F9E20A8}"
EndProject
Project("{FAE04EC0-301F-11D3-BF4B-00C04F79EFBC}") = "SparkPlug.Tenancy.Domain", "modules\Tenancy\SparkPlug.Tenancy.Domain\SparkPlug.Tenancy.Domain.csproj", "{F746FAD7-1239-495D-8396-3DBCF2DC077C}"
EndProject
Project("{FAE04EC0-301F-11D3-BF4B-00C04F79EFBC}") = "SparkPlug.Tenancy.Repository.Sql", "modules\Tenancy\SparkPlug.Tenancy.Repository.Sql\SparkPlug.Tenancy.Repository.Sql.csproj", "{3C94EF02-8EF9-40A1-8297-9C9B9F2CF935}"
EndProject
Project("{FAE04EC0-301F-11D3-BF4B-00C04F79EFBC}") = "SparkPlug.Tenancy.Service", "modules\Tenancy\SparkPlug.Tenancy.Service\SparkPlug.Tenancy.Service.csproj", "{30FA03DA-3F56-40E3-A99A-24F19109F325}"
EndProject
Global
	GlobalSection(SolutionConfigurationPlatforms) = preSolution
		Debug|Any CPU = Debug|Any CPU
		Release|Any CPU = Release|Any CPU
	EndGlobalSection
	GlobalSection(SolutionProperties) = preSolution
		HideSolutionNode = FALSE
	EndGlobalSection
	GlobalSection(ProjectConfigurationPlatforms) = postSolution
		{FE5A7D9C-4AB2-4FC1-8636-AB608EFEB4A3}.Debug|Any CPU.ActiveCfg = Debug|Any CPU
		{FE5A7D9C-4AB2-4FC1-8636-AB608EFEB4A3}.Debug|Any CPU.Build.0 = Debug|Any CPU
		{FE5A7D9C-4AB2-4FC1-8636-AB608EFEB4A3}.Release|Any CPU.ActiveCfg = Release|Any CPU
		{FE5A7D9C-4AB2-4FC1-8636-AB608EFEB4A3}.Release|Any CPU.Build.0 = Release|Any CPU
		{0EA1FECE-28D0-4785-9D57-D3B3FE004423}.Debug|Any CPU.ActiveCfg = Debug|Any CPU
		{0EA1FECE-28D0-4785-9D57-D3B3FE004423}.Debug|Any CPU.Build.0 = Debug|Any CPU
		{0EA1FECE-28D0-4785-9D57-D3B3FE004423}.Release|Any CPU.ActiveCfg = Release|Any CPU
		{0EA1FECE-28D0-4785-9D57-D3B3FE004423}.Release|Any CPU.Build.0 = Release|Any CPU
		{1F617F16-921C-4B1D-9E26-0ABCA9E281CD}.Debug|Any CPU.ActiveCfg = Debug|Any CPU
		{1F617F16-921C-4B1D-9E26-0ABCA9E281CD}.Debug|Any CPU.Build.0 = Debug|Any CPU
		{1F617F16-921C-4B1D-9E26-0ABCA9E281CD}.Release|Any CPU.ActiveCfg = Release|Any CPU
		{1F617F16-921C-4B1D-9E26-0ABCA9E281CD}.Release|Any CPU.Build.0 = Release|Any CPU
		{F9CCA94A-5CFE-4F5A-9315-FF4B74C1FBEC}.Debug|Any CPU.ActiveCfg = Debug|Any CPU
		{F9CCA94A-5CFE-4F5A-9315-FF4B74C1FBEC}.Debug|Any CPU.Build.0 = Debug|Any CPU
		{F9CCA94A-5CFE-4F5A-9315-FF4B74C1FBEC}.Release|Any CPU.ActiveCfg = Release|Any CPU
		{F9CCA94A-5CFE-4F5A-9315-FF4B74C1FBEC}.Release|Any CPU.Build.0 = Release|Any CPU
		{24D45019-BFAE-4262-8989-50BCCA6BADD0}.Debug|Any CPU.ActiveCfg = Debug|Any CPU
		{24D45019-BFAE-4262-8989-50BCCA6BADD0}.Debug|Any CPU.Build.0 = Debug|Any CPU
		{24D45019-BFAE-4262-8989-50BCCA6BADD0}.Release|Any CPU.ActiveCfg = Release|Any CPU
		{24D45019-BFAE-4262-8989-50BCCA6BADD0}.Release|Any CPU.Build.0 = Release|Any CPU
		{F2CA5B64-1F90-4A45-ADE6-59D6942655DF}.Debug|Any CPU.ActiveCfg = Debug|Any CPU
		{F2CA5B64-1F90-4A45-ADE6-59D6942655DF}.Debug|Any CPU.Build.0 = Debug|Any CPU
		{F2CA5B64-1F90-4A45-ADE6-59D6942655DF}.Release|Any CPU.ActiveCfg = Release|Any CPU
		{F2CA5B64-1F90-4A45-ADE6-59D6942655DF}.Release|Any CPU.Build.0 = Release|Any CPU
		{8E4602D6-DF2D-497B-9ED0-0468808CAF1A}.Debug|Any CPU.ActiveCfg = Debug|Any CPU
		{8E4602D6-DF2D-497B-9ED0-0468808CAF1A}.Debug|Any CPU.Build.0 = Debug|Any CPU
		{8E4602D6-DF2D-497B-9ED0-0468808CAF1A}.Release|Any CPU.ActiveCfg = Release|Any CPU
		{8E4602D6-DF2D-497B-9ED0-0468808CAF1A}.Release|Any CPU.Build.0 = Release|Any CPU
		{7B54016B-A57F-48D2-BF86-E7A2F963A4B4}.Debug|Any CPU.ActiveCfg = Debug|Any CPU
		{7B54016B-A57F-48D2-BF86-E7A2F963A4B4}.Debug|Any CPU.Build.0 = Debug|Any CPU
		{7B54016B-A57F-48D2-BF86-E7A2F963A4B4}.Release|Any CPU.ActiveCfg = Release|Any CPU
		{7B54016B-A57F-48D2-BF86-E7A2F963A4B4}.Release|Any CPU.Build.0 = Release|Any CPU
		{F8B9373A-BD73-4B44-8A5B-6D54082AEB7E}.Debug|Any CPU.ActiveCfg = Debug|Any CPU
		{F8B9373A-BD73-4B44-8A5B-6D54082AEB7E}.Debug|Any CPU.Build.0 = Debug|Any CPU
		{F8B9373A-BD73-4B44-8A5B-6D54082AEB7E}.Release|Any CPU.ActiveCfg = Release|Any CPU
		{F8B9373A-BD73-4B44-8A5B-6D54082AEB7E}.Release|Any CPU.Build.0 = Release|Any CPU
		{97D779E2-C4FF-4699-A1B4-0A9EECF1BB8A}.Debug|Any CPU.ActiveCfg = Debug|Any CPU
		{97D779E2-C4FF-4699-A1B4-0A9EECF1BB8A}.Debug|Any CPU.Build.0 = Debug|Any CPU
		{97D779E2-C4FF-4699-A1B4-0A9EECF1BB8A}.Release|Any CPU.ActiveCfg = Release|Any CPU
		{97D779E2-C4FF-4699-A1B4-0A9EECF1BB8A}.Release|Any CPU.Build.0 = Release|Any CPU
		{2B18E44B-A10D-4143-B349-F20E5279D337}.Debug|Any CPU.ActiveCfg = Debug|Any CPU
		{2B18E44B-A10D-4143-B349-F20E5279D337}.Debug|Any CPU.Build.0 = Debug|Any CPU
		{2B18E44B-A10D-4143-B349-F20E5279D337}.Release|Any CPU.ActiveCfg = Release|Any CPU
		{2B18E44B-A10D-4143-B349-F20E5279D337}.Release|Any CPU.Build.0 = Release|Any CPU
		{6712C3D9-ACF2-457E-8962-751D0F9E20A8}.Debug|Any CPU.ActiveCfg = Debug|Any CPU
		{6712C3D9-ACF2-457E-8962-751D0F9E20A8}.Debug|Any CPU.Build.0 = Debug|Any CPU
		{6712C3D9-ACF2-457E-8962-751D0F9E20A8}.Release|Any CPU.ActiveCfg = Release|Any CPU
		{6712C3D9-ACF2-457E-8962-751D0F9E20A8}.Release|Any CPU.Build.0 = Release|Any CPU
		{F746FAD7-1239-495D-8396-3DBCF2DC077C}.Debug|Any CPU.ActiveCfg = Debug|Any CPU
		{F746FAD7-1239-495D-8396-3DBCF2DC077C}.Debug|Any CPU.Build.0 = Debug|Any CPU
		{F746FAD7-1239-495D-8396-3DBCF2DC077C}.Release|Any CPU.ActiveCfg = Release|Any CPU
		{F746FAD7-1239-495D-8396-3DBCF2DC077C}.Release|Any CPU.Build.0 = Release|Any CPU
		{3C94EF02-8EF9-40A1-8297-9C9B9F2CF935}.Debug|Any CPU.ActiveCfg = Debug|Any CPU
		{3C94EF02-8EF9-40A1-8297-9C9B9F2CF935}.Debug|Any CPU.Build.0 = Debug|Any CPU
		{3C94EF02-8EF9-40A1-8297-9C9B9F2CF935}.Release|Any CPU.ActiveCfg = Release|Any CPU
		{3C94EF02-8EF9-40A1-8297-9C9B9F2CF935}.Release|Any CPU.Build.0 = Release|Any CPU
		{30FA03DA-3F56-40E3-A99A-24F19109F325}.Debug|Any CPU.ActiveCfg = Debug|Any CPU
		{30FA03DA-3F56-40E3-A99A-24F19109F325}.Debug|Any CPU.Build.0 = Debug|Any CPU
		{30FA03DA-3F56-40E3-A99A-24F19109F325}.Release|Any CPU.ActiveCfg = Release|Any CPU
		{30FA03DA-3F56-40E3-A99A-24F19109F325}.Release|Any CPU.Build.0 = Release|Any CPU
	EndGlobalSection
	GlobalSection(NestedProjects) = preSolution
		{FE5A7D9C-4AB2-4FC1-8636-AB608EFEB4A3} = {CFADE13C-C9D7-4567-BBAA-5696A78F4C32}
		{0EA1FECE-28D0-4785-9D57-D3B3FE004423} = {6BE0AD2B-4D15-47BB-B8A0-4C556B44314D}
		{1F617F16-921C-4B1D-9E26-0ABCA9E281CD} = {CFADE13C-C9D7-4567-BBAA-5696A78F4C32}
		{F9CCA94A-5CFE-4F5A-9315-FF4B74C1FBEC} = {CFADE13C-C9D7-4567-BBAA-5696A78F4C32}
		{24D45019-BFAE-4262-8989-50BCCA6BADD0} = {CFADE13C-C9D7-4567-BBAA-5696A78F4C32}
		{F2CA5B64-1F90-4A45-ADE6-59D6942655DF} = {CFADE13C-C9D7-4567-BBAA-5696A78F4C32}
		{8E4602D6-DF2D-497B-9ED0-0468808CAF1A} = {6BE0AD2B-4D15-47BB-B8A0-4C556B44314D}
		{F1077347-969C-42DF-A3F2-01210B68D1C9} = {81138EC1-E7DC-462D-9F09-47E5B050AA9B}
		{7B54016B-A57F-48D2-BF86-E7A2F963A4B4} = {F1077347-969C-42DF-A3F2-01210B68D1C9}
		{F8B9373A-BD73-4B44-8A5B-6D54082AEB7E} = {F1077347-969C-42DF-A3F2-01210B68D1C9}
		{97D779E2-C4FF-4699-A1B4-0A9EECF1BB8A} = {F1077347-969C-42DF-A3F2-01210B68D1C9}
		{2B18E44B-A10D-4143-B349-F20E5279D337} = {F1077347-969C-42DF-A3F2-01210B68D1C9}
		{0CFF238F-4220-4B78-9A1B-A1CFAEA10E63} = {81138EC1-E7DC-462D-9F09-47E5B050AA9B}
		{6712C3D9-ACF2-457E-8962-751D0F9E20A8} = {0CFF238F-4220-4B78-9A1B-A1CFAEA10E63}
		{F746FAD7-1239-495D-8396-3DBCF2DC077C} = {0CFF238F-4220-4B78-9A1B-A1CFAEA10E63}
		{3C94EF02-8EF9-40A1-8297-9C9B9F2CF935} = {0CFF238F-4220-4B78-9A1B-A1CFAEA10E63}
		{30FA03DA-3F56-40E3-A99A-24F19109F325} = {0CFF238F-4220-4B78-9A1B-A1CFAEA10E63}
	EndGlobalSection
EndGlobal
